
Microsoft Visual Studio Solution File, Format Version 12.00
# Visual Studio Version 16
VisualStudioVersion = 16.0.30011.22
MinimumVisualStudioVersion = 10.0.40219.1
Project("{FAE04EC0-301F-11D3-BF4B-00C04F79EFBC}") = "AsyncReadWrite1", "AsyncReadWrite1\AsyncReadWrite1.csproj", "{BF8FAC46-1509-48AF-A744-53E77807BC44}"
EndProject
Project("{FAE04EC0-301F-11D3-BF4B-00C04F79EFBC}") = "AsyncReadWrite1Tests", "AsyncReadWrite1Tests\AsyncReadWrite1Tests.csproj", "{6185DCA4-6D5C-43E4-917A-A9DCDE55860D}"
EndProject
Project("{FAE04EC0-301F-11D3-BF4B-00C04F79EFBC}") = "AsyncReadWriteText", "AsyncReadWriteText\AsyncReadWriteText.csproj", "{4658A023-FB19-43AA-AF5D-9384795E66EB}"
EndProject
Global
	GlobalSection(SolutionConfigurationPlatforms) = preSolution
		Debug|Any CPU = Debug|Any CPU
		Release|Any CPU = Release|Any CPU
	EndGlobalSection
	GlobalSection(ProjectConfigurationPlatforms) = postSolution
		{BF8FAC46-1509-48AF-A744-53E77807BC44}.Debug|Any CPU.ActiveCfg = Debug|Any CPU
		{BF8FAC46-1509-48AF-A744-53E77807BC44}.Debug|Any CPU.Build.0 = Debug|Any CPU
		{BF8FAC46-1509-48AF-A744-53E77807BC44}.Release|Any CPU.ActiveCfg = Release|Any CPU
		{BF8FAC46-1509-48AF-A744-53E77807BC44}.Release|Any CPU.Build.0 = Release|Any CPU
		{6185DCA4-6D5C-43E4-917A-A9DCDE55860D}.Debug|Any CPU.ActiveCfg = Debug|Any CPU
		{6185DCA4-6D5C-43E4-917A-A9DCDE55860D}.Debug|Any CPU.Build.0 = Debug|Any CPU
		{6185DCA4-6D5C-43E4-917A-A9DCDE55860D}.Release|Any CPU.ActiveCfg = Release|Any CPU
		{6185DCA4-6D5C-43E4-917A-A9DCDE55860D}.Release|Any CPU.Build.0 = Release|Any CPU
		{4658A023-FB19-43AA-AF5D-9384795E66EB}.Debug|Any CPU.ActiveCfg = Debug|Any CPU
		{4658A023-FB19-43AA-AF5D-9384795E66EB}.Debug|Any CPU.Build.0 = Debug|Any CPU
		{4658A023-FB19-43AA-AF5D-9384795E66EB}.Release|Any CPU.ActiveCfg = Release|Any CPU
		{4658A023-FB19-43AA-AF5D-9384795E66EB}.Release|Any CPU.Build.0 = Release|Any CPU
	EndGlobalSection
	GlobalSection(SolutionProperties) = preSolution
		HideSolutionNode = FALSE
	EndGlobalSection
	GlobalSection(ExtensibilityGlobals) = postSolution
		SolutionGuid = {81C4C92E-25B1-4718-9F6D-0A220C01D712}
	EndGlobalSection
EndGlobal
